
Microsoft Visual Studio Solution File, Format Version 12.00
# Visual Studio 14
VisualStudioVersion = 14.0.25420.1
MinimumVisualStudioVersion = 10.0.40219.1
Project("{FAE04EC0-301F-11D3-BF4B-00C04F79EFBC}") = "SpiritualCare.Model", "SpiritualCare.Model\SpiritualCare.Model.csproj", "{70B2CF3E-3518-4380-9CFB-D7A8B5E3A165}"
EndProject
Project("{FAE04EC0-301F-11D3-BF4B-00C04F79EFBC}") = "SpiritualCare.Data", "SpiritualCare.Data\SpiritualCare.Data.csproj", "{063C1007-BA25-4250-B705-7929EA474421}"
EndProject
Project("{FAE04EC0-301F-11D3-BF4B-00C04F79EFBC}") = "SpiritualCare.TempWWW", "SpiritualCare.TempWWW\SpiritualCare.TempWWW.csproj", "{97F25063-C62E-42EC-A4C9-6F2C8986AADF}"
EndProject
Project("{FAE04EC0-301F-11D3-BF4B-00C04F79EFBC}") = "SpiritualCare.TempWWW.Tests", "SpiritualCare.TempWWW.Tests\SpiritualCare.TempWWW.Tests.csproj", "{0065F824-F757-4582-902C-DD1CB3AA5D56}"
EndProject
Project("{FAE04EC0-301F-11D3-BF4B-00C04F79EFBC}") = "SpiritualCare.API", "SpiritualCare.API\SpiritualCare.API.csproj", "{9699B320-DE62-4787-B1CE-C38D6283326C}"
EndProject
Project("{FAE04EC0-301F-11D3-BF4B-00C04F79EFBC}") = "SpiritualCare.API.Tests", "SpiritualCare.API.Tests\SpiritualCare.API.Tests.csproj", "{A8FE2C04-8B8C-4720-B6D6-3EC2413D3165}"
EndProject
Project("{FAE04EC0-301F-11D3-BF4B-00C04F79EFBC}") = "SpiritualCare.Business", "SpiritualCare.Business\SpiritualCare.Business.csproj", "{F43CBE85-A2D1-437A-B867-AB243156A637}"
EndProject
Project("{2150E333-8FDC-42A3-9474-1A3956D46DE8}") = "SQL Setup", "SQL Setup", "{B189C946-CFC4-4014-952F-3A19D7A6763A}"
EndProject
Project("{2150E333-8FDC-42A3-9474-1A3956D46DE8}") = "SpiritualCareAuth", "SpiritualCareAuth", "{C410EBF9-5177-49A6-9F01-6FA660C75BBB}"
EndProject
Project("{2150E333-8FDC-42A3-9474-1A3956D46DE8}") = "Data", "Data", "{F9FB8FAD-E6E5-4009-86E4-2E572E01A014}"
	ProjectSection(SolutionItems) = preProject
		SQL Setup\SpiritualCareAuth\Data\Add Roles.sql = SQL Setup\SpiritualCareAuth\Data\Add Roles.sql
	EndProjectSection
EndProject
Project("{FAE04EC0-301F-11D3-BF4B-00C04F79EFBC}") = "SpiritualCare.WWW", "SpiritualCare.WWW\SpiritualCare.WWW.csproj", "{6A5D77AB-2239-456E-9E0F-5C3C2B77491D}"
EndProject
Project("{FAE04EC0-301F-11D3-BF4B-00C04F79EFBC}") = "SpiritualCare.API.Lookups", "SpiritualCare.API.Lookups\SpiritualCare.API.Lookups.csproj", "{6298FB84-2090-4BAA-9517-8AB4ECA888E6}"
EndProject
Project("{FAE04EC0-301F-11D3-BF4B-00C04F79EFBC}") = "SpiritualCare.API.Person", "SpiritualCare.API.Person\SpiritualCare.API.Person.csproj", "{B2A3D07B-BD86-47E5-A1AB-6C765C11A85E}"
EndProject
Project("{FAE04EC0-301F-11D3-BF4B-00C04F79EFBC}") = "SpiritualCare.API.Person.Tests", "SpiritualCare.API.Person.Tests\SpiritualCare.API.Person.Tests.csproj", "{3CCBAC68-7077-4E2C-A3C9-F4CF67CD412B}"
EndProject
Project("{FAE04EC0-301F-11D3-BF4B-00C04F79EFBC}") = "SpiritualCare.API.Activity.CareContact", "SpiritualCare.API.Activity.CareContact\SpiritualCare.API.Activity.CareContact.csproj", "{539C667B-14FB-44CF-BBDA-89DC4B9226AD}"
EndProject
Project("{FAE04EC0-301F-11D3-BF4B-00C04F79EFBC}") = "SpiritualCare.API.Activity.CareContact.Tests", "SpiritualCare.API.Activity.CareContact.Tests\SpiritualCare.API.Activity.CareContact.Tests.csproj", "{7733A1B7-65F6-470B-A6FA-A00E69E17C26}"
EndProject
Project("{FAE04EC0-301F-11D3-BF4B-00C04F79EFBC}") = "SpiritualCare.API.Workflow", "SpiritualCare.API.Workflow\SpiritualCare.API.Workflow.csproj", "{AC32C256-5094-4E89-876C-68D9F42A09BE}"
EndProject
Project("{FAE04EC0-301F-11D3-BF4B-00C04F79EFBC}") = "SpiritualCare.API.Workflow.Tests", "SpiritualCare.API.Workflow.Tests\SpiritualCare.API.Workflow.Tests.csproj", "{FD5573C9-8742-4547-827D-1767ED2D1C9F}"
EndProject
Global
	GlobalSection(SolutionConfigurationPlatforms) = preSolution
		Debug|Any CPU = Debug|Any CPU
		Release|Any CPU = Release|Any CPU
	EndGlobalSection
	GlobalSection(ProjectConfigurationPlatforms) = postSolution
		{70B2CF3E-3518-4380-9CFB-D7A8B5E3A165}.Debug|Any CPU.ActiveCfg = Debug|Any CPU
		{70B2CF3E-3518-4380-9CFB-D7A8B5E3A165}.Debug|Any CPU.Build.0 = Debug|Any CPU
		{70B2CF3E-3518-4380-9CFB-D7A8B5E3A165}.Release|Any CPU.ActiveCfg = Release|Any CPU
		{70B2CF3E-3518-4380-9CFB-D7A8B5E3A165}.Release|Any CPU.Build.0 = Release|Any CPU
		{063C1007-BA25-4250-B705-7929EA474421}.Debug|Any CPU.ActiveCfg = Debug|Any CPU
		{063C1007-BA25-4250-B705-7929EA474421}.Debug|Any CPU.Build.0 = Debug|Any CPU
		{063C1007-BA25-4250-B705-7929EA474421}.Release|Any CPU.ActiveCfg = Release|Any CPU
		{063C1007-BA25-4250-B705-7929EA474421}.Release|Any CPU.Build.0 = Release|Any CPU
		{97F25063-C62E-42EC-A4C9-6F2C8986AADF}.Debug|Any CPU.ActiveCfg = Debug|Any CPU
		{97F25063-C62E-42EC-A4C9-6F2C8986AADF}.Debug|Any CPU.Build.0 = Debug|Any CPU
		{97F25063-C62E-42EC-A4C9-6F2C8986AADF}.Release|Any CPU.ActiveCfg = Release|Any CPU
		{97F25063-C62E-42EC-A4C9-6F2C8986AADF}.Release|Any CPU.Build.0 = Release|Any CPU
		{0065F824-F757-4582-902C-DD1CB3AA5D56}.Debug|Any CPU.ActiveCfg = Debug|Any CPU
		{0065F824-F757-4582-902C-DD1CB3AA5D56}.Debug|Any CPU.Build.0 = Debug|Any CPU
		{0065F824-F757-4582-902C-DD1CB3AA5D56}.Release|Any CPU.ActiveCfg = Release|Any CPU
		{0065F824-F757-4582-902C-DD1CB3AA5D56}.Release|Any CPU.Build.0 = Release|Any CPU
		{9699B320-DE62-4787-B1CE-C38D6283326C}.Debug|Any CPU.ActiveCfg = Debug|Any CPU
		{9699B320-DE62-4787-B1CE-C38D6283326C}.Debug|Any CPU.Build.0 = Debug|Any CPU
		{9699B320-DE62-4787-B1CE-C38D6283326C}.Release|Any CPU.ActiveCfg = Release|Any CPU
		{9699B320-DE62-4787-B1CE-C38D6283326C}.Release|Any CPU.Build.0 = Release|Any CPU
		{A8FE2C04-8B8C-4720-B6D6-3EC2413D3165}.Debug|Any CPU.ActiveCfg = Debug|Any CPU
		{A8FE2C04-8B8C-4720-B6D6-3EC2413D3165}.Debug|Any CPU.Build.0 = Debug|Any CPU
		{A8FE2C04-8B8C-4720-B6D6-3EC2413D3165}.Release|Any CPU.ActiveCfg = Release|Any CPU
		{A8FE2C04-8B8C-4720-B6D6-3EC2413D3165}.Release|Any CPU.Build.0 = Release|Any CPU
		{F43CBE85-A2D1-437A-B867-AB243156A637}.Debug|Any CPU.ActiveCfg = Debug|Any CPU
		{F43CBE85-A2D1-437A-B867-AB243156A637}.Debug|Any CPU.Build.0 = Debug|Any CPU
		{F43CBE85-A2D1-437A-B867-AB243156A637}.Release|Any CPU.ActiveCfg = Release|Any CPU
		{F43CBE85-A2D1-437A-B867-AB243156A637}.Release|Any CPU.Build.0 = Release|Any CPU
		{6A5D77AB-2239-456E-9E0F-5C3C2B77491D}.Debug|Any CPU.ActiveCfg = Debug|Any CPU
		{6A5D77AB-2239-456E-9E0F-5C3C2B77491D}.Debug|Any CPU.Build.0 = Debug|Any CPU
		{6A5D77AB-2239-456E-9E0F-5C3C2B77491D}.Release|Any CPU.ActiveCfg = Release|Any CPU
		{6A5D77AB-2239-456E-9E0F-5C3C2B77491D}.Release|Any CPU.Build.0 = Release|Any CPU
		{6298FB84-2090-4BAA-9517-8AB4ECA888E6}.Debug|Any CPU.ActiveCfg = Debug|Any CPU
		{6298FB84-2090-4BAA-9517-8AB4ECA888E6}.Debug|Any CPU.Build.0 = Debug|Any CPU
		{6298FB84-2090-4BAA-9517-8AB4ECA888E6}.Release|Any CPU.ActiveCfg = Release|Any CPU
		{6298FB84-2090-4BAA-9517-8AB4ECA888E6}.Release|Any CPU.Build.0 = Release|Any CPU
		{B2A3D07B-BD86-47E5-A1AB-6C765C11A85E}.Debug|Any CPU.ActiveCfg = Debug|Any CPU
		{B2A3D07B-BD86-47E5-A1AB-6C765C11A85E}.Debug|Any CPU.Build.0 = Debug|Any CPU
		{B2A3D07B-BD86-47E5-A1AB-6C765C11A85E}.Release|Any CPU.ActiveCfg = Release|Any CPU
		{B2A3D07B-BD86-47E5-A1AB-6C765C11A85E}.Release|Any CPU.Build.0 = Release|Any CPU
		{3CCBAC68-7077-4E2C-A3C9-F4CF67CD412B}.Debug|Any CPU.ActiveCfg = Debug|Any CPU
		{3CCBAC68-7077-4E2C-A3C9-F4CF67CD412B}.Debug|Any CPU.Build.0 = Debug|Any CPU
		{3CCBAC68-7077-4E2C-A3C9-F4CF67CD412B}.Release|Any CPU.ActiveCfg = Release|Any CPU
		{3CCBAC68-7077-4E2C-A3C9-F4CF67CD412B}.Release|Any CPU.Build.0 = Release|Any CPU
		{539C667B-14FB-44CF-BBDA-89DC4B9226AD}.Debug|Any CPU.ActiveCfg = Debug|Any CPU
		{539C667B-14FB-44CF-BBDA-89DC4B9226AD}.Debug|Any CPU.Build.0 = Debug|Any CPU
		{539C667B-14FB-44CF-BBDA-89DC4B9226AD}.Release|Any CPU.ActiveCfg = Release|Any CPU
		{539C667B-14FB-44CF-BBDA-89DC4B9226AD}.Release|Any CPU.Build.0 = Release|Any CPU
		{7733A1B7-65F6-470B-A6FA-A00E69E17C26}.Debug|Any CPU.ActiveCfg = Debug|Any CPU
		{7733A1B7-65F6-470B-A6FA-A00E69E17C26}.Debug|Any CPU.Build.0 = Debug|Any CPU
		{7733A1B7-65F6-470B-A6FA-A00E69E17C26}.Release|Any CPU.ActiveCfg = Release|Any CPU
		{7733A1B7-65F6-470B-A6FA-A00E69E17C26}.Release|Any CPU.Build.0 = Release|Any CPU
		{AC32C256-5094-4E89-876C-68D9F42A09BE}.Debug|Any CPU.ActiveCfg = Debug|Any CPU
		{AC32C256-5094-4E89-876C-68D9F42A09BE}.Debug|Any CPU.Build.0 = Debug|Any CPU
		{AC32C256-5094-4E89-876C-68D9F42A09BE}.Release|Any CPU.ActiveCfg = Release|Any CPU
		{AC32C256-5094-4E89-876C-68D9F42A09BE}.Release|Any CPU.Build.0 = Release|Any CPU
		{FD5573C9-8742-4547-827D-1767ED2D1C9F}.Debug|Any CPU.ActiveCfg = Debug|Any CPU
		{FD5573C9-8742-4547-827D-1767ED2D1C9F}.Debug|Any CPU.Build.0 = Debug|Any CPU
		{FD5573C9-8742-4547-827D-1767ED2D1C9F}.Release|Any CPU.ActiveCfg = Release|Any CPU
		{FD5573C9-8742-4547-827D-1767ED2D1C9F}.Release|Any CPU.Build.0 = Release|Any CPU
	EndGlobalSection
	GlobalSection(SolutionProperties) = preSolution
		HideSolutionNode = FALSE
	EndGlobalSection
	GlobalSection(NestedProjects) = preSolution
		{C410EBF9-5177-49A6-9F01-6FA660C75BBB} = {B189C946-CFC4-4014-952F-3A19D7A6763A}
		{F9FB8FAD-E6E5-4009-86E4-2E572E01A014} = {C410EBF9-5177-49A6-9F01-6FA660C75BBB}
	EndGlobalSection
EndGlobal
